
Microsoft Visual Studio Solution File, Format Version 12.00
# Visual Studio 2015
Project("{FAE04EC0-301F-11D3-BF4B-00C04F79EFBC}") = "DevDayTutorial02.Plugins", "DevDayTutorial02.Plugins.csproj", "{37FDE6E3-E852-762E-3996-6AF90FDFC60E}"
EndProject
Project("{FAE04EC0-301F-11D3-BF4B-00C04F79EFBC}") = "DevDayTutorial02", "DevDayTutorial02.csproj", "{A15EAC27-0E55-7684-412A-8D6BD9B80830}"
EndProject
Project("{FAE04EC0-301F-11D3-BF4B-00C04F79EFBC}") = "DevDayTutorial02.Editor", "DevDayTutorial02.Editor.csproj", "{758D7D71-6452-B52F-87CE-D39E82FD56C0}"
EndProject
Global
	GlobalSection(SolutionConfigurationPlatforms) = preSolution
		Debug|Any CPU = Debug|Any CPU
		Release|Any CPU = Release|Any CPU
	EndGlobalSection
	GlobalSection(ProjectConfigurationPlatforms) = postSolution
		{37FDE6E3-E852-762E-3996-6AF90FDFC60E}.Debug|Any CPU.ActiveCfg = Debug|Any CPU
		{37FDE6E3-E852-762E-3996-6AF90FDFC60E}.Debug|Any CPU.Build.0 = Debug|Any CPU
		{37FDE6E3-E852-762E-3996-6AF90FDFC60E}.Release|Any CPU.ActiveCfg = Release|Any CPU
		{37FDE6E3-E852-762E-3996-6AF90FDFC60E}.Release|Any CPU.Build.0 = Release|Any CPU
		{A15EAC27-0E55-7684-412A-8D6BD9B80830}.Debug|Any CPU.ActiveCfg = Debug|Any CPU
		{A15EAC27-0E55-7684-412A-8D6BD9B80830}.Debug|Any CPU.Build.0 = Debug|Any CPU
		{A15EAC27-0E55-7684-412A-8D6BD9B80830}.Release|Any CPU.ActiveCfg = Release|Any CPU
		{A15EAC27-0E55-7684-412A-8D6BD9B80830}.Release|Any CPU.Build.0 = Release|Any CPU
		{758D7D71-6452-B52F-87CE-D39E82FD56C0}.Debug|Any CPU.ActiveCfg = Debug|Any CPU
		{758D7D71-6452-B52F-87CE-D39E82FD56C0}.Debug|Any CPU.Build.0 = Debug|Any CPU
		{758D7D71-6452-B52F-87CE-D39E82FD56C0}.Release|Any CPU.ActiveCfg = Release|Any CPU
		{758D7D71-6452-B52F-87CE-D39E82FD56C0}.Release|Any CPU.Build.0 = Release|Any CPU
	EndGlobalSection
	GlobalSection(SolutionProperties) = preSolution
		HideSolutionNode = FALSE
	EndGlobalSection
EndGlobal
